
Microsoft Visual Studio Solution File, Format Version 12.00
# Visual Studio Version 17
VisualStudioVersion = 17.0.31903.59
MinimumVisualStudioVersion = 10.0.40219.1
Project("{FAE04EC0-301F-11D3-BF4B-00C04F79EFBC}") = "Controlai.Applicacao", "Controlai.Applicacao\Controlai.Applicacao.csproj", "{A21F842D-A98B-4602-8FA5-BD4938445626}"
EndProject
Project("{FAE04EC0-301F-11D3-BF4B-00C04F79EFBC}") = "Controlai.Dominio", "Controlai.Dominio\Controlai.Dominio.csproj", "{5C256C35-B81C-4087-A602-2D6900BA0D53}"
EndProject
Project("{FAE04EC0-301F-11D3-BF4B-00C04F79EFBC}") = "Controlai.Infraestrutura", "Controlai.Infraestrutura\Controlai.Infraestrutura.csproj", "{FA9EFD54-3C45-49B0-A832-78FB2039E4D0}"
EndProject
Project("{FAE04EC0-301F-11D3-BF4B-00C04F79EFBC}") = "Controlai.Web", "Controlai.Web\Controlai.Web.csproj", "{83C1DAE2-EF77-454E-BFDC-9F6DC3AC1E54}"
EndProject
Global
	GlobalSection(SolutionConfigurationPlatforms) = preSolution
		Debug|Any CPU = Debug|Any CPU
		Debug|x64 = Debug|x64
		Debug|x86 = Debug|x86
		Release|Any CPU = Release|Any CPU
		Release|x64 = Release|x64
		Release|x86 = Release|x86
	EndGlobalSection
	GlobalSection(ProjectConfigurationPlatforms) = postSolution
		{A21F842D-A98B-4602-8FA5-BD4938445626}.Debug|Any CPU.ActiveCfg = Debug|Any CPU
		{A21F842D-A98B-4602-8FA5-BD4938445626}.Debug|Any CPU.Build.0 = Debug|Any CPU
		{A21F842D-A98B-4602-8FA5-BD4938445626}.Debug|x64.ActiveCfg = Debug|Any CPU
		{A21F842D-A98B-4602-8FA5-BD4938445626}.Debug|x64.Build.0 = Debug|Any CPU
		{A21F842D-A98B-4602-8FA5-BD4938445626}.Debug|x86.ActiveCfg = Debug|Any CPU
		{A21F842D-A98B-4602-8FA5-BD4938445626}.Debug|x86.Build.0 = Debug|Any CPU
		{A21F842D-A98B-4602-8FA5-BD4938445626}.Release|Any CPU.ActiveCfg = Release|Any CPU
		{A21F842D-A98B-4602-8FA5-BD4938445626}.Release|Any CPU.Build.0 = Release|Any CPU
		{A21F842D-A98B-4602-8FA5-BD4938445626}.Release|x64.ActiveCfg = Release|Any CPU
		{A21F842D-A98B-4602-8FA5-BD4938445626}.Release|x64.Build.0 = Release|Any CPU
		{A21F842D-A98B-4602-8FA5-BD4938445626}.Release|x86.ActiveCfg = Release|Any CPU
		{A21F842D-A98B-4602-8FA5-BD4938445626}.Release|x86.Build.0 = Release|Any CPU
		{5C256C35-B81C-4087-A602-2D6900BA0D53}.Debug|Any CPU.ActiveCfg = Debug|Any CPU
		{5C256C35-B81C-4087-A602-2D6900BA0D53}.Debug|Any CPU.Build.0 = Debug|Any CPU
		{5C256C35-B81C-4087-A602-2D6900BA0D53}.Debug|x64.ActiveCfg = Debug|Any CPU
		{5C256C35-B81C-4087-A602-2D6900BA0D53}.Debug|x64.Build.0 = Debug|Any CPU
		{5C256C35-B81C-4087-A602-2D6900BA0D53}.Debug|x86.ActiveCfg = Debug|Any CPU
		{5C256C35-B81C-4087-A602-2D6900BA0D53}.Debug|x86.Build.0 = Debug|Any CPU
		{5C256C35-B81C-4087-A602-2D6900BA0D53}.Release|Any CPU.ActiveCfg = Release|Any CPU
		{5C256C35-B81C-4087-A602-2D6900BA0D53}.Release|Any CPU.Build.0 = Release|Any CPU
		{5C256C35-B81C-4087-A602-2D6900BA0D53}.Release|x64.ActiveCfg = Release|Any CPU
		{5C256C35-B81C-4087-A602-2D6900BA0D53}.Release|x64.Build.0 = Release|Any CPU
		{5C256C35-B81C-4087-A602-2D6900BA0D53}.Release|x86.ActiveCfg = Release|Any CPU
		{5C256C35-B81C-4087-A602-2D6900BA0D53}.Release|x86.Build.0 = Release|Any CPU
		{FA9EFD54-3C45-49B0-A832-78FB2039E4D0}.Debug|Any CPU.ActiveCfg = Debug|Any CPU
		{FA9EFD54-3C45-49B0-A832-78FB2039E4D0}.Debug|Any CPU.Build.0 = Debug|Any CPU
		{FA9EFD54-3C45-49B0-A832-78FB2039E4D0}.Debug|x64.ActiveCfg = Debug|Any CPU
		{FA9EFD54-3C45-49B0-A832-78FB2039E4D0}.Debug|x64.Build.0 = Debug|Any CPU
		{FA9EFD54-3C45-49B0-A832-78FB2039E4D0}.Debug|x86.ActiveCfg = Debug|Any CPU
		{FA9EFD54-3C45-49B0-A832-78FB2039E4D0}.Debug|x86.Build.0 = Debug|Any CPU
		{FA9EFD54-3C45-49B0-A832-78FB2039E4D0}.Release|Any CPU.ActiveCfg = Release|Any CPU
		{FA9EFD54-3C45-49B0-A832-78FB2039E4D0}.Release|Any CPU.Build.0 = Release|Any CPU
		{FA9EFD54-3C45-49B0-A832-78FB2039E4D0}.Release|x64.ActiveCfg = Release|Any CPU
		{FA9EFD54-3C45-49B0-A832-78FB2039E4D0}.Release|x64.Build.0 = Release|Any CPU
		{FA9EFD54-3C45-49B0-A832-78FB2039E4D0}.Release|x86.ActiveCfg = Release|Any CPU
		{FA9EFD54-3C45-49B0-A832-78FB2039E4D0}.Release|x86.Build.0 = Release|Any CPU
		{83C1DAE2-EF77-454E-BFDC-9F6DC3AC1E54}.Debug|Any CPU.ActiveCfg = Debug|Any CPU
		{83C1DAE2-EF77-454E-BFDC-9F6DC3AC1E54}.Debug|Any CPU.Build.0 = Debug|Any CPU
		{83C1DAE2-EF77-454E-BFDC-9F6DC3AC1E54}.Debug|x64.ActiveCfg = Debug|Any CPU
		{83C1DAE2-EF77-454E-BFDC-9F6DC3AC1E54}.Debug|x64.Build.0 = Debug|Any CPU
		{83C1DAE2-EF77-454E-BFDC-9F6DC3AC1E54}.Debug|x86.ActiveCfg = Debug|Any CPU
		{83C1DAE2-EF77-454E-BFDC-9F6DC3AC1E54}.Debug|x86.Build.0 = Debug|Any CPU
		{83C1DAE2-EF77-454E-BFDC-9F6DC3AC1E54}.Release|Any CPU.ActiveCfg = Release|Any CPU
		{83C1DAE2-EF77-454E-BFDC-9F6DC3AC1E54}.Release|Any CPU.Build.0 = Release|Any CPU
		{83C1DAE2-EF77-454E-BFDC-9F6DC3AC1E54}.Release|x64.ActiveCfg = Release|Any CPU
		{83C1DAE2-EF77-454E-BFDC-9F6DC3AC1E54}.Release|x64.Build.0 = Release|Any CPU
		{83C1DAE2-EF77-454E-BFDC-9F6DC3AC1E54}.Release|x86.ActiveCfg = Release|Any CPU
		{83C1DAE2-EF77-454E-BFDC-9F6DC3AC1E54}.Release|x86.Build.0 = Release|Any CPU
	EndGlobalSection
	GlobalSection(SolutionProperties) = preSolution
		HideSolutionNode = FALSE
	EndGlobalSection
EndGlobal
